
Microsoft Visual Studio Solution File, Format Version 12.00
# Visual Studio Version 16
VisualStudioVersion = 16.0.30406.217
MinimumVisualStudioVersion = 10.0.40219.1
Project("{FAE04EC0-301F-11D3-BF4B-00C04F79EFBC}") = "STBRating", "STBRating\STBRating.csproj", "{539BF2F9-8F11-442A-8DD2-7C3D030F0D54}"
EndProject
Global
	GlobalSection(SolutionConfigurationPlatforms) = preSolution
		Debug|Any CPU = Debug|Any CPU
		Release|Any CPU = Release|Any CPU
	EndGlobalSection
	GlobalSection(ProjectConfigurationPlatforms) = postSolution
		{539BF2F9-8F11-442A-8DD2-7C3D030F0D54}.Debug|Any CPU.ActiveCfg = Debug|Any CPU
		{539BF2F9-8F11-442A-8DD2-7C3D030F0D54}.Debug|Any CPU.Build.0 = Debug|Any CPU
		{539BF2F9-8F11-442A-8DD2-7C3D030F0D54}.Release|Any CPU.ActiveCfg = Release|Any CPU
		{539BF2F9-8F11-442A-8DD2-7C3D030F0D54}.Release|Any CPU.Build.0 = Release|Any CPU
	EndGlobalSection
	GlobalSection(SolutionProperties) = preSolution
		HideSolutionNode = FALSE
	EndGlobalSection
	GlobalSection(ExtensibilityGlobals) = postSolution
		SolutionGuid = {5EDDA8BB-F49B-4F4E-A26B-23471EFAE0B6}
	EndGlobalSection
EndGlobal
